uuid: d6c7c463-8029-4814-a896-5f9e933f1e0a
langcode: en
status: true
dependencies:
  module:
    - system
    - user_node
  theme:
    - bootstrap_subtheme
id: userblock
theme: bootstrap_subtheme
region: content
weight: -8
provider: null
plugin: user_block
settings:
  id: user_block
  label: 'User block'
  provider: user_node
  label_display: '0'
visibility:
  request_path:
    id: request_path
    pages: /user/register
    negate: false
    context_mapping: {  }
